
Microsoft Visual Studio Solution File, Format Version 12.00
# Visual Studio Version 17
VisualStudioVersion = 17.8.34511.84
MinimumVisualStudioVersion = 10.0.40219.1
Project("{FAE04EC0-301F-11D3-BF4B-00C04F79EFBC}") = "TO_DO", "TO_DO.csproj", "{7E7AC372-952D-4CBE-9319-4E0BCE1580BD}"
EndProject
Global
	GlobalSection(SolutionConfigurationPlatforms) = preSolution
		Debug|Any CPU = Debug|Any CPU
		Release|Any CPU = Release|Any CPU
	EndGlobalSection
	GlobalSection(ProjectConfigurationPlatforms) = postSolution
		{7E7AC372-952D-4CBE-9319-4E0BCE1580BD}.Debug|Any CPU.ActiveCfg = Debug|Any CPU
		{7E7AC372-952D-4CBE-9319-4E0BCE1580BD}.Debug|Any CPU.Build.0 = Debug|Any CPU
		{7E7AC372-952D-4CBE-9319-4E0BCE1580BD}.Release|Any CPU.ActiveCfg = Release|Any CPU
		{7E7AC372-952D-4CBE-9319-4E0BCE1580BD}.Release|Any CPU.Build.0 = Release|Any CPU
	EndGlobalSection
	GlobalSection(SolutionProperties) = preSolution
		HideSolutionNode = FALSE
	EndGlobalSection
	GlobalSection(ExtensibilityGlobals) = postSolution
		SolutionGuid = {49A9B9B2-11E5-4130-B49C-D448C1E25E57}
	EndGlobalSection
EndGlobal
